
Microsoft Visual Studio Solution File, Format Version 10.00
# Visual Studio 2008
# SharpDevelop 3.1.0.4545
Project("{FAE04EC0-301F-11D3-BF4B-00C04F79EFBC}") = "Huffelpuff", "Huffelpuff\Huffelpuff.csproj", "{57B9E0E8-D993-44C8-B9AF-496ABF0304A1}"
EndProject
Project("{FAE04EC0-301F-11D3-BF4B-00C04F79EFBC}") = "EchoPlugin", "EchoPlugin\EchoPlugin.csproj", "{DD1D95FD-3E44-4651-877F-DA5DC41A334B}"
EndProject
Project("{FAE04EC0-301F-11D3-BF4B-00C04F79EFBC}") = "SeenPlugin", "SeenPlugin\SeenPlugin.csproj", "{FFFA980F-D17E-43DD-AC3D-A989EDBC680A}"
EndProject
Project("{FAE04EC0-301F-11D3-BF4B-00C04F79EFBC}") = "FilePlugin", "FilePlugin\FilePlugin.csproj", "{D6454C93-D557-45B4-A26E-CA1B55D47AAD}"
EndProject
Project("{FAE04EC0-301F-11D3-BF4B-00C04F79EFBC}") = "NntpPlugin", "NntpPlugin\NntpPlugin.csproj", "{CEB01EC1-0AD7-4E6E-95A0-E755233F37E4}"
EndProject
Project("{FAE04EC0-301F-11D3-BF4B-00C04F79EFBC}") = "RadioPlugin", "RadioPlugin\RadioPlugin.csproj", "{D50FF217-DA4C-4E0B-848C-47DD70D2CD5B}"
EndProject
Project("{FAE04EC0-301F-11D3-BF4B-00C04F79EFBC}") = "AIMLPlugin", "AIMLPlugin\AIMLPlugin.csproj", "{F662345E-3D7E-4AA9-BDE9-51026A2858FE}"
EndProject
Project("{FAE04EC0-301F-11D3-BF4B-00C04F79EFBC}") = "UT3GlobalStatsPlugin", "UT3GlobalStatsPlugin\UT3GlobalStatsPlugin.csproj", "{85D3984F-6945-482D-BAF4-1B27E87A5BB1}"
EndProject
Project("{FAE04EC0-301F-11D3-BF4B-00C04F79EFBC}") = "QuizPlugin", "QuizPlugin\QuizPlugin.csproj", "{B132AE6E-0D60-4EE8-9202-84106BA64C84}"
EndProject
Project("{FAE04EC0-301F-11D3-BF4B-00C04F79EFBC}") = "RssPlugin", "RssPlugin\RssPlugin.csproj", "{88C2E8CA-5B17-44C5-AA7D-69ED7A9194A0}"
EndProject
Project("{FAE04EC0-301F-11D3-BF4B-00C04F79EFBC}") = "TranslatePlugin", "TranslatePlugin\TranslatePlugin.csproj", "{0E45CCBE-BF42-46A8-9B91-ADA4F1620FF6}"
EndProject
Project("{FAE04EC0-301F-11D3-BF4B-00C04F79EFBC}") = "TwitterPlugin", "TwitterPlugin\TwitterPlugin.csproj", "{124EBEA6-1520-4D0D-8C71-1603F8296F6F}"
EndProject
Project("{FAE04EC0-301F-11D3-BF4B-00C04F79EFBC}") = "UrlToTitlePlugin", "UrlToTitlePlugin\UrlToTitlePlugin.csproj", "{7B821AAB-8391-41CC-9E88-8AD77E2A049A}"
EndProject
Project("{FAE04EC0-301F-11D3-BF4B-00C04F79EFBC}") = "VotePlugin", "VotePlugin\VotePlugin.csproj", "{F0801378-97EB-4609-9C68-C143519D62E8}"
EndProject
Project("{FAE04EC0-301F-11D3-BF4B-00C04F79EFBC}") = "TimePlugin", "TimePlugin\TimePlugin.csproj", "{5D3D2825-8C49-4D0E-8B55-D8B04BABB6C8}"
EndProject
Project("{FAE04EC0-301F-11D3-BF4B-00C04F79EFBC}") = "WikipediaPlugin", "WikipediaPlugin\WikipediaPlugin.csproj", "{682682DA-AF27-4CC8-A2D7-70F767FB787E}"
EndProject
Project("{FAE04EC0-301F-11D3-BF4B-00C04F79EFBC}") = "CommentedExamplePlugin", "CommentedExamplePlugin\CommentedExamplePlugin.csproj", "{BF492067-28D8-42AE-8BFB-53C30E681EF6}"
EndProject
Project("{FAE04EC0-301F-11D3-BF4B-00C04F79EFBC}") = "CalculatorPlugin", "CalculatorPlugin\CalculatorPlugin.csproj", "{2782E763-3E1A-4C1B-9B65-5F611C1E487F}"
EndProject
Project("{FAE04EC0-301F-11D3-BF4B-00C04F79EFBC}") = "RedirectPlugin", "RedirectPlugin\RedirectPlugin.csproj", "{3E062165-48AC-4823-A4D3-FF343D6FF996}"
EndProject
Project("{FAE04EC0-301F-11D3-BF4B-00C04F79EFBC}") = "ChannelModeratorPlugin", "ChannelModerator\ChannelModeratorPlugin.csproj", "{85EF9CDB-F9B0-4097-A264-8803B76CF348}"
EndProject
Global
	GlobalSection(SolutionConfigurationPlatforms) = preSolution
		Debug|Any CPU = Debug|Any CPU
		Release|Any CPU = Release|Any CPU
		Service|Any CPU = Service|Any CPU
	EndGlobalSection
	GlobalSection(ProjectConfigurationPlatforms) = postSolution
		{57B9E0E8-D993-44C8-B9AF-496ABF0304A1}.Debug|Any CPU.Build.0 = Debug|Any CPU
		{57B9E0E8-D993-44C8-B9AF-496ABF0304A1}.Debug|Any CPU.ActiveCfg = Debug|Any CPU
		{57B9E0E8-D993-44C8-B9AF-496ABF0304A1}.Release|Any CPU.Build.0 = Release|Any CPU
		{57B9E0E8-D993-44C8-B9AF-496ABF0304A1}.Release|Any CPU.ActiveCfg = Release|Any CPU
		{DD1D95FD-3E44-4651-877F-DA5DC41A334B}.Debug|Any CPU.Build.0 = Debug|Any CPU
		{DD1D95FD-3E44-4651-877F-DA5DC41A334B}.Debug|Any CPU.ActiveCfg = Debug|Any CPU
		{DD1D95FD-3E44-4651-877F-DA5DC41A334B}.Release|Any CPU.Build.0 = Release|Any CPU
		{DD1D95FD-3E44-4651-877F-DA5DC41A334B}.Release|Any CPU.ActiveCfg = Release|Any CPU
		{FFFA980F-D17E-43DD-AC3D-A989EDBC680A}.Debug|Any CPU.Build.0 = Debug|Any CPU
		{FFFA980F-D17E-43DD-AC3D-A989EDBC680A}.Debug|Any CPU.ActiveCfg = Debug|Any CPU
		{FFFA980F-D17E-43DD-AC3D-A989EDBC680A}.Release|Any CPU.Build.0 = Release|Any CPU
		{FFFA980F-D17E-43DD-AC3D-A989EDBC680A}.Release|Any CPU.ActiveCfg = Release|Any CPU
		{D6454C93-D557-45B4-A26E-CA1B55D47AAD}.Debug|Any CPU.Build.0 = Debug|Any CPU
		{D6454C93-D557-45B4-A26E-CA1B55D47AAD}.Debug|Any CPU.ActiveCfg = Debug|Any CPU
		{D6454C93-D557-45B4-A26E-CA1B55D47AAD}.Release|Any CPU.Build.0 = Release|Any CPU
		{D6454C93-D557-45B4-A26E-CA1B55D47AAD}.Release|Any CPU.ActiveCfg = Release|Any CPU
		{CEB01EC1-0AD7-4E6E-95A0-E755233F37E4}.Debug|Any CPU.Build.0 = Debug|Any CPU
		{CEB01EC1-0AD7-4E6E-95A0-E755233F37E4}.Debug|Any CPU.ActiveCfg = Debug|Any CPU
		{CEB01EC1-0AD7-4E6E-95A0-E755233F37E4}.Release|Any CPU.Build.0 = Release|Any CPU
		{CEB01EC1-0AD7-4E6E-95A0-E755233F37E4}.Release|Any CPU.ActiveCfg = Release|Any CPU
		{D50FF217-DA4C-4E0B-848C-47DD70D2CD5B}.Debug|Any CPU.Build.0 = Debug|Any CPU
		{D50FF217-DA4C-4E0B-848C-47DD70D2CD5B}.Debug|Any CPU.ActiveCfg = Debug|Any CPU
		{D50FF217-DA4C-4E0B-848C-47DD70D2CD5B}.Release|Any CPU.Build.0 = Release|Any CPU
		{D50FF217-DA4C-4E0B-848C-47DD70D2CD5B}.Release|Any CPU.ActiveCfg = Release|Any CPU
		{F662345E-3D7E-4AA9-BDE9-51026A2858FE}.Debug|Any CPU.Build.0 = Debug|Any CPU
		{F662345E-3D7E-4AA9-BDE9-51026A2858FE}.Debug|Any CPU.ActiveCfg = Debug|Any CPU
		{F662345E-3D7E-4AA9-BDE9-51026A2858FE}.Release|Any CPU.Build.0 = Release|Any CPU
		{F662345E-3D7E-4AA9-BDE9-51026A2858FE}.Release|Any CPU.ActiveCfg = Release|Any CPU
		{85D3984F-6945-482D-BAF4-1B27E87A5BB1}.Debug|Any CPU.Build.0 = Debug|Any CPU
		{85D3984F-6945-482D-BAF4-1B27E87A5BB1}.Debug|Any CPU.ActiveCfg = Debug|Any CPU
		{85D3984F-6945-482D-BAF4-1B27E87A5BB1}.Release|Any CPU.Build.0 = Release|Any CPU
		{85D3984F-6945-482D-BAF4-1B27E87A5BB1}.Release|Any CPU.ActiveCfg = Release|Any CPU
		{B132AE6E-0D60-4EE8-9202-84106BA64C84}.Debug|Any CPU.Build.0 = Debug|Any CPU
		{B132AE6E-0D60-4EE8-9202-84106BA64C84}.Debug|Any CPU.ActiveCfg = Debug|Any CPU
		{B132AE6E-0D60-4EE8-9202-84106BA64C84}.Release|Any CPU.Build.0 = Release|Any CPU
		{B132AE6E-0D60-4EE8-9202-84106BA64C84}.Release|Any CPU.ActiveCfg = Release|Any CPU
		{88C2E8CA-5B17-44C5-AA7D-69ED7A9194A0}.Debug|Any CPU.Build.0 = Debug|Any CPU
		{88C2E8CA-5B17-44C5-AA7D-69ED7A9194A0}.Debug|Any CPU.ActiveCfg = Debug|Any CPU
		{88C2E8CA-5B17-44C5-AA7D-69ED7A9194A0}.Release|Any CPU.Build.0 = Release|Any CPU
		{88C2E8CA-5B17-44C5-AA7D-69ED7A9194A0}.Release|Any CPU.ActiveCfg = Release|Any CPU
		{0E45CCBE-BF42-46A8-9B91-ADA4F1620FF6}.Debug|Any CPU.Build.0 = Debug|Any CPU
		{0E45CCBE-BF42-46A8-9B91-ADA4F1620FF6}.Debug|Any CPU.ActiveCfg = Debug|Any CPU
		{0E45CCBE-BF42-46A8-9B91-ADA4F1620FF6}.Release|Any CPU.Build.0 = Release|Any CPU
		{0E45CCBE-BF42-46A8-9B91-ADA4F1620FF6}.Release|Any CPU.ActiveCfg = Release|Any CPU
		{124EBEA6-1520-4D0D-8C71-1603F8296F6F}.Debug|Any CPU.Build.0 = Debug|Any CPU
		{124EBEA6-1520-4D0D-8C71-1603F8296F6F}.Debug|Any CPU.ActiveCfg = Debug|Any CPU
		{124EBEA6-1520-4D0D-8C71-1603F8296F6F}.Release|Any CPU.Build.0 = Release|Any CPU
		{124EBEA6-1520-4D0D-8C71-1603F8296F6F}.Release|Any CPU.ActiveCfg = Release|Any CPU
		{7B821AAB-8391-41CC-9E88-8AD77E2A049A}.Debug|Any CPU.Build.0 = Debug|Any CPU
		{7B821AAB-8391-41CC-9E88-8AD77E2A049A}.Debug|Any CPU.ActiveCfg = Debug|Any CPU
		{7B821AAB-8391-41CC-9E88-8AD77E2A049A}.Release|Any CPU.Build.0 = Release|Any CPU
		{7B821AAB-8391-41CC-9E88-8AD77E2A049A}.Release|Any CPU.ActiveCfg = Release|Any CPU
		{F0801378-97EB-4609-9C68-C143519D62E8}.Debug|Any CPU.Build.0 = Debug|Any CPU
		{F0801378-97EB-4609-9C68-C143519D62E8}.Debug|Any CPU.ActiveCfg = Debug|Any CPU
		{F0801378-97EB-4609-9C68-C143519D62E8}.Release|Any CPU.Build.0 = Release|Any CPU
		{F0801378-97EB-4609-9C68-C143519D62E8}.Release|Any CPU.ActiveCfg = Release|Any CPU
		{5D3D2825-8C49-4D0E-8B55-D8B04BABB6C8}.Debug|Any CPU.Build.0 = Debug|Any CPU
		{5D3D2825-8C49-4D0E-8B55-D8B04BABB6C8}.Debug|Any CPU.ActiveCfg = Debug|Any CPU
		{5D3D2825-8C49-4D0E-8B55-D8B04BABB6C8}.Release|Any CPU.Build.0 = Release|Any CPU
		{5D3D2825-8C49-4D0E-8B55-D8B04BABB6C8}.Release|Any CPU.ActiveCfg = Release|Any CPU
		{682682DA-AF27-4CC8-A2D7-70F767FB787E}.Debug|Any CPU.Build.0 = Debug|Any CPU
		{682682DA-AF27-4CC8-A2D7-70F767FB787E}.Debug|Any CPU.ActiveCfg = Debug|Any CPU
		{682682DA-AF27-4CC8-A2D7-70F767FB787E}.Release|Any CPU.Build.0 = Release|Any CPU
		{682682DA-AF27-4CC8-A2D7-70F767FB787E}.Release|Any CPU.ActiveCfg = Release|Any CPU
		{BF492067-28D8-42AE-8BFB-53C30E681EF6}.Debug|Any CPU.Build.0 = Debug|Any CPU
		{BF492067-28D8-42AE-8BFB-53C30E681EF6}.Debug|Any CPU.ActiveCfg = Debug|Any CPU
		{BF492067-28D8-42AE-8BFB-53C30E681EF6}.Release|Any CPU.Build.0 = Release|Any CPU
		{BF492067-28D8-42AE-8BFB-53C30E681EF6}.Release|Any CPU.ActiveCfg = Release|Any CPU
		{2782E763-3E1A-4C1B-9B65-5F611C1E487F}.Debug|Any CPU.Build.0 = Debug|Any CPU
		{2782E763-3E1A-4C1B-9B65-5F611C1E487F}.Debug|Any CPU.ActiveCfg = Debug|Any CPU
		{2782E763-3E1A-4C1B-9B65-5F611C1E487F}.Release|Any CPU.Build.0 = Release|Any CPU
		{2782E763-3E1A-4C1B-9B65-5F611C1E487F}.Release|Any CPU.ActiveCfg = Release|Any CPU
		{3E062165-48AC-4823-A4D3-FF343D6FF996}.Debug|Any CPU.Build.0 = Debug|Any CPU
		{3E062165-48AC-4823-A4D3-FF343D6FF996}.Debug|Any CPU.ActiveCfg = Debug|Any CPU
		{3E062165-48AC-4823-A4D3-FF343D6FF996}.Release|Any CPU.Build.0 = Release|Any CPU
		{3E062165-48AC-4823-A4D3-FF343D6FF996}.Release|Any CPU.ActiveCfg = Release|Any CPU
		{3E062165-48AC-4823-A4D3-FF343D6FF996}.Service|Any CPU.Build.0 = Release|Any CPU
		{3E062165-48AC-4823-A4D3-FF343D6FF996}.Service|Any CPU.ActiveCfg = Release|Any CPU
		{2782E763-3E1A-4C1B-9B65-5F611C1E487F}.Service|Any CPU.Build.0 = Release|Any CPU
		{2782E763-3E1A-4C1B-9B65-5F611C1E487F}.Service|Any CPU.ActiveCfg = Release|Any CPU
		{BF492067-28D8-42AE-8BFB-53C30E681EF6}.Service|Any CPU.Build.0 = Release|Any CPU
		{BF492067-28D8-42AE-8BFB-53C30E681EF6}.Service|Any CPU.ActiveCfg = Release|Any CPU
		{682682DA-AF27-4CC8-A2D7-70F767FB787E}.Service|Any CPU.Build.0 = Release|Any CPU
		{682682DA-AF27-4CC8-A2D7-70F767FB787E}.Service|Any CPU.ActiveCfg = Release|Any CPU
		{5D3D2825-8C49-4D0E-8B55-D8B04BABB6C8}.Service|Any CPU.Build.0 = Release|Any CPU
		{5D3D2825-8C49-4D0E-8B55-D8B04BABB6C8}.Service|Any CPU.ActiveCfg = Release|Any CPU
		{F0801378-97EB-4609-9C68-C143519D62E8}.Service|Any CPU.Build.0 = Release|Any CPU
		{F0801378-97EB-4609-9C68-C143519D62E8}.Service|Any CPU.ActiveCfg = Release|Any CPU
		{7B821AAB-8391-41CC-9E88-8AD77E2A049A}.Service|Any CPU.Build.0 = Release|Any CPU
		{7B821AAB-8391-41CC-9E88-8AD77E2A049A}.Service|Any CPU.ActiveCfg = Release|Any CPU
		{124EBEA6-1520-4D0D-8C71-1603F8296F6F}.Service|Any CPU.Build.0 = Release|Any CPU
		{124EBEA6-1520-4D0D-8C71-1603F8296F6F}.Service|Any CPU.ActiveCfg = Release|Any CPU
		{0E45CCBE-BF42-46A8-9B91-ADA4F1620FF6}.Service|Any CPU.Build.0 = Release|Any CPU
		{0E45CCBE-BF42-46A8-9B91-ADA4F1620FF6}.Service|Any CPU.ActiveCfg = Release|Any CPU
		{88C2E8CA-5B17-44C5-AA7D-69ED7A9194A0}.Service|Any CPU.Build.0 = Release|Any CPU
		{88C2E8CA-5B17-44C5-AA7D-69ED7A9194A0}.Service|Any CPU.ActiveCfg = Release|Any CPU
		{B132AE6E-0D60-4EE8-9202-84106BA64C84}.Service|Any CPU.Build.0 = Release|Any CPU
		{B132AE6E-0D60-4EE8-9202-84106BA64C84}.Service|Any CPU.ActiveCfg = Release|Any CPU
		{85D3984F-6945-482D-BAF4-1B27E87A5BB1}.Service|Any CPU.Build.0 = Release|Any CPU
		{85D3984F-6945-482D-BAF4-1B27E87A5BB1}.Service|Any CPU.ActiveCfg = Release|Any CPU
		{F662345E-3D7E-4AA9-BDE9-51026A2858FE}.Service|Any CPU.Build.0 = Release|Any CPU
		{F662345E-3D7E-4AA9-BDE9-51026A2858FE}.Service|Any CPU.ActiveCfg = Release|Any CPU
		{D50FF217-DA4C-4E0B-848C-47DD70D2CD5B}.Service|Any CPU.Build.0 = Release|Any CPU
		{D50FF217-DA4C-4E0B-848C-47DD70D2CD5B}.Service|Any CPU.ActiveCfg = Release|Any CPU
		{CEB01EC1-0AD7-4E6E-95A0-E755233F37E4}.Service|Any CPU.Build.0 = Release|Any CPU
		{CEB01EC1-0AD7-4E6E-95A0-E755233F37E4}.Service|Any CPU.ActiveCfg = Release|Any CPU
		{D6454C93-D557-45B4-A26E-CA1B55D47AAD}.Service|Any CPU.Build.0 = Release|Any CPU
		{D6454C93-D557-45B4-A26E-CA1B55D47AAD}.Service|Any CPU.ActiveCfg = Release|Any CPU
		{FFFA980F-D17E-43DD-AC3D-A989EDBC680A}.Service|Any CPU.Build.0 = Release|Any CPU
		{FFFA980F-D17E-43DD-AC3D-A989EDBC680A}.Service|Any CPU.ActiveCfg = Release|Any CPU
		{DD1D95FD-3E44-4651-877F-DA5DC41A334B}.Service|Any CPU.Build.0 = Release|Any CPU
		{DD1D95FD-3E44-4651-877F-DA5DC41A334B}.Service|Any CPU.ActiveCfg = Release|Any CPU
		{57B9E0E8-D993-44C8-B9AF-496ABF0304A1}.Service|Any CPU.Build.0 = Service|Any CPU
		{57B9E0E8-D993-44C8-B9AF-496ABF0304A1}.Service|Any CPU.ActiveCfg = Service|Any CPU
		{85EF9CDB-F9B0-4097-A264-8803B76CF348}.Debug|Any CPU.Build.0 = Debug|Any CPU
		{85EF9CDB-F9B0-4097-A264-8803B76CF348}.Debug|Any CPU.ActiveCfg = Debug|Any CPU
		{85EF9CDB-F9B0-4097-A264-8803B76CF348}.Release|Any CPU.Build.0 = Release|Any CPU
		{85EF9CDB-F9B0-4097-A264-8803B76CF348}.Release|Any CPU.ActiveCfg = Release|Any CPU
		{85EF9CDB-F9B0-4097-A264-8803B76CF348}.Service|Any CPU.Build.0 = Service|Any CPU
		{85EF9CDB-F9B0-4097-A264-8803B76CF348}.Service|Any CPU.ActiveCfg = Service|Any CPU
	EndGlobalSection
EndGlobal
